
Microsoft Visual Studio Solution File, Format Version 12.00
# Visual Studio Version 16
VisualStudioVersion = 16.0.31313.79
MinimumVisualStudioVersion = 10.0.40219.1
Project("{2150E333-8FDC-42A3-9474-1A3956D46DE8}") = "01.Clients", "01.Clients", "{3965308B-2848-45DC-BB33-A555A2FFADE4}"
EndProject
Project("{2150E333-8FDC-42A3-9474-1A3956D46DE8}") = "02.Api.Gateways", "02.Api.Gateways", "{7B2A18B5-0FDD-4F97-83BD-7396A53FBC99}"
EndProject
Project("{2150E333-8FDC-42A3-9474-1A3956D46DE8}") = "03.Services", "03.Services", "{268BD2F2-4761-4C02-AD1A-AC296B096203}"
EndProject
Project("{2150E333-8FDC-42A3-9474-1A3956D46DE8}") = "01.Identity", "01.Identity", "{A6ADEFE9-B2FE-4CC4-B272-2613F70C049D}"
EndProject
Project("{2150E333-8FDC-42A3-9474-1A3956D46DE8}") = "02.Catalog", "02.Catalog", "{378F2913-841B-4625-93DF-2C3470214D6F}"
EndProject
Project("{2150E333-8FDC-42A3-9474-1A3956D46DE8}") = "03.Customer", "03.Customer", "{6AF54591-7BE8-485E-B055-C0D51C3186D3}"
EndProject
Project("{2150E333-8FDC-42A3-9474-1A3956D46DE8}") = "04.Order", "04.Order", "{63D49075-3AF9-4CAC-BD35-FC794245F88B}"
EndProject
Project("{FAE04EC0-301F-11D3-BF4B-00C04F79EFBC}") = "Catalog.Api", "src\Services\Catalog\Catalog.Api\Catalog.Api.csproj", "{600643F3-D24A-42CE-B4C2-73FD553FD20B}"
EndProject
Project("{2150E333-8FDC-42A3-9474-1A3956D46DE8}") = "01.API", "01.API", "{43ADCA92-2D9D-4074-BE3A-5583CD736B6E}"
EndProject
Project("{2150E333-8FDC-42A3-9474-1A3956D46DE8}") = "02.Services", "02.Services", "{83B3012D-2307-4C79-9BE6-D5D95CF72127}"
EndProject
Project("{2150E333-8FDC-42A3-9474-1A3956D46DE8}") = "03.Persistence", "03.Persistence", "{06ED47B5-F841-440F-9043-0FE6067C95E4}"
EndProject
Project("{2150E333-8FDC-42A3-9474-1A3956D46DE8}") = "04.Models", "04.Models", "{BB408F0E-FA5B-4EA7-9C42-467EBFDDB833}"
EndProject
Project("{FAE04EC0-301F-11D3-BF4B-00C04F79EFBC}") = "Catalog.Domain", "src\Services\Catalog\Catalog.Domain\Catalog.Domain.csproj", "{EF9B41B1-D221-4FE7-B417-CEFE02AAC7E9}"
EndProject
Project("{FAE04EC0-301F-11D3-BF4B-00C04F79EFBC}") = "Catalog.Persistence.Database", "src\Services\Catalog\Catalog.Persistence.Database\Catalog.Persistence.Database.csproj", "{0FFC60D5-AC40-4FE6-BE9F-0F6F643C3C67}"
EndProject
Global
	GlobalSection(SolutionConfigurationPlatforms) = preSolution
		Debug|Any CPU = Debug|Any CPU
		Release|Any CPU = Release|Any CPU
	EndGlobalSection
	GlobalSection(ProjectConfigurationPlatforms) = postSolution
		{600643F3-D24A-42CE-B4C2-73FD553FD20B}.Debug|Any CPU.ActiveCfg = Debug|Any CPU
		{600643F3-D24A-42CE-B4C2-73FD553FD20B}.Debug|Any CPU.Build.0 = Debug|Any CPU
		{600643F3-D24A-42CE-B4C2-73FD553FD20B}.Release|Any CPU.ActiveCfg = Release|Any CPU
		{600643F3-D24A-42CE-B4C2-73FD553FD20B}.Release|Any CPU.Build.0 = Release|Any CPU
		{EF9B41B1-D221-4FE7-B417-CEFE02AAC7E9}.Debug|Any CPU.ActiveCfg = Debug|Any CPU
		{EF9B41B1-D221-4FE7-B417-CEFE02AAC7E9}.Debug|Any CPU.Build.0 = Debug|Any CPU
		{EF9B41B1-D221-4FE7-B417-CEFE02AAC7E9}.Release|Any CPU.ActiveCfg = Release|Any CPU
		{EF9B41B1-D221-4FE7-B417-CEFE02AAC7E9}.Release|Any CPU.Build.0 = Release|Any CPU
		{0FFC60D5-AC40-4FE6-BE9F-0F6F643C3C67}.Debug|Any CPU.ActiveCfg = Debug|Any CPU
		{0FFC60D5-AC40-4FE6-BE9F-0F6F643C3C67}.Debug|Any CPU.Build.0 = Debug|Any CPU
		{0FFC60D5-AC40-4FE6-BE9F-0F6F643C3C67}.Release|Any CPU.ActiveCfg = Release|Any CPU
		{0FFC60D5-AC40-4FE6-BE9F-0F6F643C3C67}.Release|Any CPU.Build.0 = Release|Any CPU
	EndGlobalSection
	GlobalSection(SolutionProperties) = preSolution
		HideSolutionNode = FALSE
	EndGlobalSection
	GlobalSection(NestedProjects) = preSolution
		{A6ADEFE9-B2FE-4CC4-B272-2613F70C049D} = {268BD2F2-4761-4C02-AD1A-AC296B096203}
		{378F2913-841B-4625-93DF-2C3470214D6F} = {268BD2F2-4761-4C02-AD1A-AC296B096203}
		{6AF54591-7BE8-485E-B055-C0D51C3186D3} = {268BD2F2-4761-4C02-AD1A-AC296B096203}
		{63D49075-3AF9-4CAC-BD35-FC794245F88B} = {268BD2F2-4761-4C02-AD1A-AC296B096203}
		{600643F3-D24A-42CE-B4C2-73FD553FD20B} = {43ADCA92-2D9D-4074-BE3A-5583CD736B6E}
		{43ADCA92-2D9D-4074-BE3A-5583CD736B6E} = {378F2913-841B-4625-93DF-2C3470214D6F}
		{83B3012D-2307-4C79-9BE6-D5D95CF72127} = {378F2913-841B-4625-93DF-2C3470214D6F}
		{06ED47B5-F841-440F-9043-0FE6067C95E4} = {378F2913-841B-4625-93DF-2C3470214D6F}
		{BB408F0E-FA5B-4EA7-9C42-467EBFDDB833} = {378F2913-841B-4625-93DF-2C3470214D6F}
		{EF9B41B1-D221-4FE7-B417-CEFE02AAC7E9} = {BB408F0E-FA5B-4EA7-9C42-467EBFDDB833}
		{0FFC60D5-AC40-4FE6-BE9F-0F6F643C3C67} = {06ED47B5-F841-440F-9043-0FE6067C95E4}
	EndGlobalSection
	GlobalSection(ExtensibilityGlobals) = postSolution
		SolutionGuid = {DBC49F2C-120E-410E-9B69-2F9E1B6F67E7}
	EndGlobalSection
EndGlobal
