
Microsoft Visual Studio Solution File, Format Version 12.00
# Visual Studio Version 16
VisualStudioVersion = 16.0.31313.79
MinimumVisualStudioVersion = 10.0.40219.1
Project("{2150E333-8FDC-42A3-9474-1A3956D46DE8}") = "01.Clients", "01.Clients", "{3965308B-2848-45DC-BB33-A555A2FFADE4}"
EndProject
Project("{2150E333-8FDC-42A3-9474-1A3956D46DE8}") = "02.Api.Gateways", "02.Api.Gateways", "{7B2A18B5-0FDD-4F97-83BD-7396A53FBC99}"
EndProject
Project("{2150E333-8FDC-42A3-9474-1A3956D46DE8}") = "03.Services", "03.Services", "{268BD2F2-4761-4C02-AD1A-AC296B096203}"
EndProject
Project("{2150E333-8FDC-42A3-9474-1A3956D46DE8}") = "01.Identity", "01.Identity", "{A6ADEFE9-B2FE-4CC4-B272-2613F70C049D}"
EndProject
Project("{2150E333-8FDC-42A3-9474-1A3956D46DE8}") = "02.Catalog", "02.Catalog", "{378F2913-841B-4625-93DF-2C3470214D6F}"
EndProject
Project("{2150E333-8FDC-42A3-9474-1A3956D46DE8}") = "03.Customer", "03.Customer", "{6AF54591-7BE8-485E-B055-C0D51C3186D3}"
EndProject
Project("{2150E333-8FDC-42A3-9474-1A3956D46DE8}") = "04.Order", "04.Order", "{63D49075-3AF9-4CAC-BD35-FC794245F88B}"
EndProject
Project("{9A19103F-16F7-4668-BE54-9A1E7A4F7556}") = "Catalog.Api", "src\Services\Catalog\Catalog.Api\Catalog.Api.csproj", "{600643F3-D24A-42CE-B4C2-73FD553FD20B}"
EndProject
Project("{2150E333-8FDC-42A3-9474-1A3956D46DE8}") = "01.API", "01.API", "{43ADCA92-2D9D-4074-BE3A-5583CD736B6E}"
EndProject
Project("{2150E333-8FDC-42A3-9474-1A3956D46DE8}") = "02.Services", "02.Services", "{83B3012D-2307-4C79-9BE6-D5D95CF72127}"
EndProject
Project("{2150E333-8FDC-42A3-9474-1A3956D46DE8}") = "03.Persistence", "03.Persistence", "{06ED47B5-F841-440F-9043-0FE6067C95E4}"
EndProject
Project("{2150E333-8FDC-42A3-9474-1A3956D46DE8}") = "04.Models", "04.Models", "{BB408F0E-FA5B-4EA7-9C42-467EBFDDB833}"
EndProject
Project("{9A19103F-16F7-4668-BE54-9A1E7A4F7556}") = "Catalog.Domain", "src\Services\Catalog\Catalog.Domain\Catalog.Domain.csproj", "{EF9B41B1-D221-4FE7-B417-CEFE02AAC7E9}"
EndProject
Project("{9A19103F-16F7-4668-BE54-9A1E7A4F7556}") = "Catalog.Persistence.Database", "src\Services\Catalog\Catalog.Persistence.Database\Catalog.Persistence.Database.csproj", "{0FFC60D5-AC40-4FE6-BE9F-0F6F643C3C67}"
EndProject
Project("{9A19103F-16F7-4668-BE54-9A1E7A4F7556}") = "Catalog.Service.Queries", "src\Services\Catalog\Catalog.Service.Queries\Catalog.Service.Queries.csproj", "{E2CD6DC8-48B5-4229-86C4-C682C3006F40}"
EndProject
Project("{2150E333-8FDC-42A3-9474-1A3956D46DE8}") = "05.Common", "05.Common", "{95B7F71B-DCE7-4F52-BC87-8B193AB41905}"
EndProject
Project("{9A19103F-16F7-4668-BE54-9A1E7A4F7556}") = "Service.Common.Collection", "src\Services\Common\Service.Common.Collection\Service.Common.Collection.csproj", "{CD3992F0-1D4E-4A79-AE85-8FCE499386CB}"
EndProject
Project("{9A19103F-16F7-4668-BE54-9A1E7A4F7556}") = "Service.Common.Mapping", "src\Services\Common\Service.Common.Mapping\Service.Common.Mapping.csproj", "{8642DA56-9B42-4757-BF59-6F2C6D1444E8}"
EndProject
Project("{9A19103F-16F7-4668-BE54-9A1E7A4F7556}") = "Service.Common.Paging", "src\Services\Common\Service.Common.Paging\Service.Common.Paging.csproj", "{B5061842-45C4-4F18-8B15-4B808F6B2DDA}"
EndProject
Project("{9A19103F-16F7-4668-BE54-9A1E7A4F7556}") = "Catalog.Service.EventHandlers", "src\Services\Catalog\Catalog.Service.EventHandlers\Catalog.Service.EventHandlers.csproj", "{E6D0ECBF-D879-43F6-B74D-0118A4D39F90}"
EndProject
Project("{2150E333-8FDC-42A3-9474-1A3956D46DE8}") = "05.Common", "05.Common", "{2AB41C42-8ED8-4BB3-B39A-07E91EA45CAD}"
EndProject
Project("{9A19103F-16F7-4668-BE54-9A1E7A4F7556}") = "Catalog.Common", "src\Services\Catalog\Catalog.Common\Catalog.Common.csproj", "{21728EA7-5290-405F-AF13-1C5DD1EF7904}"
EndProject
Project("{2150E333-8FDC-42A3-9474-1A3956D46DE8}") = "04.Common", "04.Common", "{26B07141-A41E-4CF6-9AFA-A16B9CA3BC31}"
EndProject
Project("{9A19103F-16F7-4668-BE54-9A1E7A4F7556}") = "Common.Logging", "src\Common.Logging\Common.Logging.csproj", "{9A377C15-81AE-4976-BA9C-EECACF876D4C}"
EndProject
Project("{2150E333-8FDC-42A3-9474-1A3956D46DE8}") = "06.Testing", "06.Testing", "{04BD0604-05DC-4B5A-B29C-8215135CA154}"
EndProject
Project("{FAE04EC0-301F-11D3-BF4B-00C04F79EFBC}") = "Catalog.Tests", "src\Services\Catalog\Catalog.Tests\Catalog.Tests.csproj", "{9BF94B5C-ED3B-44C3-9E9D-B040792EFEA1}"
EndProject
Global
	GlobalSection(SolutionConfigurationPlatforms) = preSolution
		Debug|Any CPU = Debug|Any CPU
		Release|Any CPU = Release|Any CPU
	EndGlobalSection
	GlobalSection(ProjectConfigurationPlatforms) = postSolution
		{600643F3-D24A-42CE-B4C2-73FD553FD20B}.Debug|Any CPU.ActiveCfg = Debug|Any CPU
		{600643F3-D24A-42CE-B4C2-73FD553FD20B}.Debug|Any CPU.Build.0 = Debug|Any CPU
		{600643F3-D24A-42CE-B4C2-73FD553FD20B}.Release|Any CPU.ActiveCfg = Release|Any CPU
		{600643F3-D24A-42CE-B4C2-73FD553FD20B}.Release|Any CPU.Build.0 = Release|Any CPU
		{EF9B41B1-D221-4FE7-B417-CEFE02AAC7E9}.Debug|Any CPU.ActiveCfg = Debug|Any CPU
		{EF9B41B1-D221-4FE7-B417-CEFE02AAC7E9}.Debug|Any CPU.Build.0 = Debug|Any CPU
		{EF9B41B1-D221-4FE7-B417-CEFE02AAC7E9}.Release|Any CPU.ActiveCfg = Release|Any CPU
		{EF9B41B1-D221-4FE7-B417-CEFE02AAC7E9}.Release|Any CPU.Build.0 = Release|Any CPU
		{0FFC60D5-AC40-4FE6-BE9F-0F6F643C3C67}.Debug|Any CPU.ActiveCfg = Debug|Any CPU
		{0FFC60D5-AC40-4FE6-BE9F-0F6F643C3C67}.Debug|Any CPU.Build.0 = Debug|Any CPU
		{0FFC60D5-AC40-4FE6-BE9F-0F6F643C3C67}.Release|Any CPU.ActiveCfg = Release|Any CPU
		{0FFC60D5-AC40-4FE6-BE9F-0F6F643C3C67}.Release|Any CPU.Build.0 = Release|Any CPU
		{E2CD6DC8-48B5-4229-86C4-C682C3006F40}.Debug|Any CPU.ActiveCfg = Debug|Any CPU
		{E2CD6DC8-48B5-4229-86C4-C682C3006F40}.Debug|Any CPU.Build.0 = Debug|Any CPU
		{E2CD6DC8-48B5-4229-86C4-C682C3006F40}.Release|Any CPU.ActiveCfg = Release|Any CPU
		{E2CD6DC8-48B5-4229-86C4-C682C3006F40}.Release|Any CPU.Build.0 = Release|Any CPU
		{CD3992F0-1D4E-4A79-AE85-8FCE499386CB}.Debug|Any CPU.ActiveCfg = Debug|Any CPU
		{CD3992F0-1D4E-4A79-AE85-8FCE499386CB}.Debug|Any CPU.Build.0 = Debug|Any CPU
		{CD3992F0-1D4E-4A79-AE85-8FCE499386CB}.Release|Any CPU.ActiveCfg = Release|Any CPU
		{CD3992F0-1D4E-4A79-AE85-8FCE499386CB}.Release|Any CPU.Build.0 = Release|Any CPU
		{8642DA56-9B42-4757-BF59-6F2C6D1444E8}.Debug|Any CPU.ActiveCfg = Debug|Any CPU
		{8642DA56-9B42-4757-BF59-6F2C6D1444E8}.Debug|Any CPU.Build.0 = Debug|Any CPU
		{8642DA56-9B42-4757-BF59-6F2C6D1444E8}.Release|Any CPU.ActiveCfg = Release|Any CPU
		{8642DA56-9B42-4757-BF59-6F2C6D1444E8}.Release|Any CPU.Build.0 = Release|Any CPU
		{B5061842-45C4-4F18-8B15-4B808F6B2DDA}.Debug|Any CPU.ActiveCfg = Debug|Any CPU
		{B5061842-45C4-4F18-8B15-4B808F6B2DDA}.Debug|Any CPU.Build.0 = Debug|Any CPU
		{B5061842-45C4-4F18-8B15-4B808F6B2DDA}.Release|Any CPU.ActiveCfg = Release|Any CPU
		{B5061842-45C4-4F18-8B15-4B808F6B2DDA}.Release|Any CPU.Build.0 = Release|Any CPU
		{E6D0ECBF-D879-43F6-B74D-0118A4D39F90}.Debug|Any CPU.ActiveCfg = Debug|Any CPU
		{E6D0ECBF-D879-43F6-B74D-0118A4D39F90}.Debug|Any CPU.Build.0 = Debug|Any CPU
		{E6D0ECBF-D879-43F6-B74D-0118A4D39F90}.Release|Any CPU.ActiveCfg = Release|Any CPU
		{E6D0ECBF-D879-43F6-B74D-0118A4D39F90}.Release|Any CPU.Build.0 = Release|Any CPU
		{21728EA7-5290-405F-AF13-1C5DD1EF7904}.Debug|Any CPU.ActiveCfg = Debug|Any CPU
		{21728EA7-5290-405F-AF13-1C5DD1EF7904}.Debug|Any CPU.Build.0 = Debug|Any CPU
		{21728EA7-5290-405F-AF13-1C5DD1EF7904}.Release|Any CPU.ActiveCfg = Release|Any CPU
		{21728EA7-5290-405F-AF13-1C5DD1EF7904}.Release|Any CPU.Build.0 = Release|Any CPU
		{9A377C15-81AE-4976-BA9C-EECACF876D4C}.Debug|Any CPU.ActiveCfg = Debug|Any CPU
		{9A377C15-81AE-4976-BA9C-EECACF876D4C}.Debug|Any CPU.Build.0 = Debug|Any CPU
		{9A377C15-81AE-4976-BA9C-EECACF876D4C}.Release|Any CPU.ActiveCfg = Release|Any CPU
		{9A377C15-81AE-4976-BA9C-EECACF876D4C}.Release|Any CPU.Build.0 = Release|Any CPU
		{9BF94B5C-ED3B-44C3-9E9D-B040792EFEA1}.Debug|Any CPU.ActiveCfg = Debug|Any CPU
		{9BF94B5C-ED3B-44C3-9E9D-B040792EFEA1}.Debug|Any CPU.Build.0 = Debug|Any CPU
		{9BF94B5C-ED3B-44C3-9E9D-B040792EFEA1}.Release|Any CPU.ActiveCfg = Release|Any CPU
		{9BF94B5C-ED3B-44C3-9E9D-B040792EFEA1}.Release|Any CPU.Build.0 = Release|Any CPU
	EndGlobalSection
	GlobalSection(SolutionProperties) = preSolution
		HideSolutionNode = FALSE
	EndGlobalSection
	GlobalSection(NestedProjects) = preSolution
		{A6ADEFE9-B2FE-4CC4-B272-2613F70C049D} = {268BD2F2-4761-4C02-AD1A-AC296B096203}
		{378F2913-841B-4625-93DF-2C3470214D6F} = {268BD2F2-4761-4C02-AD1A-AC296B096203}
		{6AF54591-7BE8-485E-B055-C0D51C3186D3} = {268BD2F2-4761-4C02-AD1A-AC296B096203}
		{63D49075-3AF9-4CAC-BD35-FC794245F88B} = {268BD2F2-4761-4C02-AD1A-AC296B096203}
		{600643F3-D24A-42CE-B4C2-73FD553FD20B} = {43ADCA92-2D9D-4074-BE3A-5583CD736B6E}
		{43ADCA92-2D9D-4074-BE3A-5583CD736B6E} = {378F2913-841B-4625-93DF-2C3470214D6F}
		{83B3012D-2307-4C79-9BE6-D5D95CF72127} = {378F2913-841B-4625-93DF-2C3470214D6F}
		{06ED47B5-F841-440F-9043-0FE6067C95E4} = {378F2913-841B-4625-93DF-2C3470214D6F}
		{BB408F0E-FA5B-4EA7-9C42-467EBFDDB833} = {378F2913-841B-4625-93DF-2C3470214D6F}
		{EF9B41B1-D221-4FE7-B417-CEFE02AAC7E9} = {BB408F0E-FA5B-4EA7-9C42-467EBFDDB833}
		{0FFC60D5-AC40-4FE6-BE9F-0F6F643C3C67} = {06ED47B5-F841-440F-9043-0FE6067C95E4}
		{E2CD6DC8-48B5-4229-86C4-C682C3006F40} = {83B3012D-2307-4C79-9BE6-D5D95CF72127}
		{95B7F71B-DCE7-4F52-BC87-8B193AB41905} = {268BD2F2-4761-4C02-AD1A-AC296B096203}
		{CD3992F0-1D4E-4A79-AE85-8FCE499386CB} = {95B7F71B-DCE7-4F52-BC87-8B193AB41905}
		{8642DA56-9B42-4757-BF59-6F2C6D1444E8} = {95B7F71B-DCE7-4F52-BC87-8B193AB41905}
		{B5061842-45C4-4F18-8B15-4B808F6B2DDA} = {95B7F71B-DCE7-4F52-BC87-8B193AB41905}
		{E6D0ECBF-D879-43F6-B74D-0118A4D39F90} = {83B3012D-2307-4C79-9BE6-D5D95CF72127}
		{2AB41C42-8ED8-4BB3-B39A-07E91EA45CAD} = {378F2913-841B-4625-93DF-2C3470214D6F}
		{21728EA7-5290-405F-AF13-1C5DD1EF7904} = {2AB41C42-8ED8-4BB3-B39A-07E91EA45CAD}
		{9A377C15-81AE-4976-BA9C-EECACF876D4C} = {26B07141-A41E-4CF6-9AFA-A16B9CA3BC31}
		{04BD0604-05DC-4B5A-B29C-8215135CA154} = {378F2913-841B-4625-93DF-2C3470214D6F}
		{9BF94B5C-ED3B-44C3-9E9D-B040792EFEA1} = {04BD0604-05DC-4B5A-B29C-8215135CA154}
	EndGlobalSection
	GlobalSection(ExtensibilityGlobals) = postSolution
		SolutionGuid = {DBC49F2C-120E-410E-9B69-2F9E1B6F67E7}
	EndGlobalSection
EndGlobal
